
Microsoft Visual Studio Solution File, Format Version 12.00
# Visual Studio Version 16
VisualStudioVersion = 16.0.30517.126
MinimumVisualStudioVersion = 10.0.40219.1
Project("{FAE04EC0-301F-11D3-BF4B-00C04F79EFBC}") = "Prototipo1P", "Prototipo1P.csproj", "{46807DC6-7EBE-44BF-8252-04E77907A833}"
EndProject
Global
	GlobalSection(SolutionConfigurationPlatforms) = preSolution
		Debug|Any CPU = Debug|Any CPU
		Release|Any CPU = Release|Any CPU
	EndGlobalSection
	GlobalSection(ProjectConfigurationPlatforms) = postSolution
		{46807DC6-7EBE-44BF-8252-04E77907A833}.Debug|Any CPU.ActiveCfg = Debug|Any CPU
		{46807DC6-7EBE-44BF-8252-04E77907A833}.Debug|Any CPU.Build.0 = Debug|Any CPU
		{46807DC6-7EBE-44BF-8252-04E77907A833}.Release|Any CPU.ActiveCfg = Release|Any CPU
		{46807DC6-7EBE-44BF-8252-04E77907A833}.Release|Any CPU.Build.0 = Release|Any CPU
	EndGlobalSection
	GlobalSection(SolutionProperties) = preSolution
		HideSolutionNode = FALSE
	EndGlobalSection
	GlobalSection(ExtensibilityGlobals) = postSolution
		SolutionGuid = {0773EEC4-2B54-4227-AD5B-71DA9AB93339}
	EndGlobalSection
EndGlobal
